
Microsoft Visual Studio Solution File, Format Version 12.00
# Visual Studio Version 17
VisualStudioVersion = 17.6.33801.468
MinimumVisualStudioVersion = 10.0.40219.1
Project("{FAE04EC0-301F-11D3-BF4B-00C04F79EFBC}") = "Community_House_Management", "Community_House_Management.csproj", "{DF85A392-7747-4B15-898B-C7D6D3C7A309}"
EndProject
Global
	GlobalSection(SolutionConfigurationPlatforms) = preSolution
		Debug|Any CPU = Debug|Any CPU
		Release|Any CPU = Release|Any CPU
	EndGlobalSection
	GlobalSection(ProjectConfigurationPlatforms) = postSolution
		{DF85A392-7747-4B15-898B-C7D6D3C7A309}.Debug|Any CPU.ActiveCfg = Debug|Any CPU
		{DF85A392-7747-4B15-898B-C7D6D3C7A309}.Debug|Any CPU.Build.0 = Debug|Any CPU
		{DF85A392-7747-4B15-898B-C7D6D3C7A309}.Release|Any CPU.ActiveCfg = Release|Any CPU
		{DF85A392-7747-4B15-898B-C7D6D3C7A309}.Release|Any CPU.Build.0 = Release|Any CPU
	EndGlobalSection
	GlobalSection(SolutionProperties) = preSolution
		HideSolutionNode = FALSE
	EndGlobalSection
	GlobalSection(ExtensibilityGlobals) = postSolution
		SolutionGuid = {AACA5028-9F31-483F-A9E0-6BF9FEAE5910}
	EndGlobalSection
EndGlobal
